
Microsoft Visual Studio Solution File, Format Version 11.00
# Visual Studio 2010
Project("{8BC9CEB8-8B4A-11D0-8D11-00A0C91BC942}") = "GeneralPcr", "GeneralPcr\GeneralPcr.vcxproj", "{35FF6405-FAEA-439F-895D-149D4B5DDF2F}"
	ProjectSection(ProjectDependencies) = postProject
		{87FE947B-7142-443A-A9F0-8735AA893C09} = {87FE947B-7142-443A-A9F0-8735AA893C09}
		{4BDAC690-FAAA-4847-AADB-4C7D2389219C} = {4BDAC690-FAAA-4847-AADB-4C7D2389219C}
		{AD7870B9-0894-4074-BF31-827006334706} = {AD7870B9-0894-4074-BF31-827006334706}
		{8D510EBB-9F2E-4BAA-A399-A5EAE904CF3E} = {8D510EBB-9F2E-4BAA-A399-A5EAE904CF3E}
		{AA2A10ED-F44B-424E-AE44-83F4E2C927F4} = {AA2A10ED-F44B-424E-AE44-83F4E2C927F4}
		{BA415BFA-4954-4377-9F6B-416F0F86A4A0} = {BA415BFA-4954-4377-9F6B-416F0F86A4A0}
	EndProjectSection
EndProject
Project("{8BC9CEB8-8B4A-11D0-8D11-00A0C91BC942}") = "OfficeOperation", "OfficeOperation\OfficeOperation.vcxproj", "{AD7870B9-0894-4074-BF31-827006334706}"
EndProject
Project("{8BC9CEB8-8B4A-11D0-8D11-00A0C91BC942}") = "PCRInstanceLib", "PCRInstanceLib\PCRInstanceLib.vcxproj", "{4BDAC690-FAAA-4847-AADB-4C7D2389219C}"
	ProjectSection(ProjectDependencies) = postProject
		{BA415BFA-4954-4377-9F6B-416F0F86A4A0} = {BA415BFA-4954-4377-9F6B-416F0F86A4A0}
	EndProjectSection
EndProject
Project("{8BC9CEB8-8B4A-11D0-8D11-00A0C91BC942}") = "PCRCtrlLib", "PCRCtrlLib\PCRCtrlLib.vcxproj", "{8D510EBB-9F2E-4BAA-A399-A5EAE904CF3E}"
	ProjectSection(ProjectDependencies) = postProject
		{87FE947B-7142-443A-A9F0-8735AA893C09} = {87FE947B-7142-443A-A9F0-8735AA893C09}
		{4BDAC690-FAAA-4847-AADB-4C7D2389219C} = {4BDAC690-FAAA-4847-AADB-4C7D2389219C}
		{BA415BFA-4954-4377-9F6B-416F0F86A4A0} = {BA415BFA-4954-4377-9F6B-416F0F86A4A0}
	EndProjectSection
EndProject
Project("{8BC9CEB8-8B4A-11D0-8D11-00A0C91BC942}") = "PCRAlgorithmLib", "PCRAlgorithmLib\PCRAlgorithmLib.vcxproj", "{87FE947B-7142-443A-A9F0-8735AA893C09}"
EndProject
Project("{8BC9CEB8-8B4A-11D0-8D11-00A0C91BC942}") = "CurveFit", "CurveFit\CurveFit.vcxproj", "{AA2A10ED-F44B-424E-AE44-83F4E2C927F4}"
EndProject
Project("{8BC9CEB8-8B4A-11D0-8D11-00A0C91BC942}") = "Language", "Language\Language.vcxproj", "{BA415BFA-4954-4377-9F6B-416F0F86A4A0}"
EndProject
Global
	GlobalSection(SolutionConfigurationPlatforms) = preSolution
		Debug|Win32 = Debug|Win32
		Release|Win32 = Release|Win32
		Template|Win32 = Template|Win32
	EndGlobalSection
	GlobalSection(ProjectConfigurationPlatforms) = postSolution
		{35FF6405-FAEA-439F-895D-149D4B5DDF2F}.Debug|Win32.ActiveCfg = Debug|Win32
		{35FF6405-FAEA-439F-895D-149D4B5DDF2F}.Debug|Win32.Build.0 = Debug|Win32
		{35FF6405-FAEA-439F-895D-149D4B5DDF2F}.Release|Win32.ActiveCfg = Release|Win32
		{35FF6405-FAEA-439F-895D-149D4B5DDF2F}.Release|Win32.Build.0 = Release|Win32
		{35FF6405-FAEA-439F-895D-149D4B5DDF2F}.Template|Win32.ActiveCfg = Release|Win32
		{35FF6405-FAEA-439F-895D-149D4B5DDF2F}.Template|Win32.Build.0 = Release|Win32
		{AD7870B9-0894-4074-BF31-827006334706}.Debug|Win32.ActiveCfg = Debug|Win32
		{AD7870B9-0894-4074-BF31-827006334706}.Debug|Win32.Build.0 = Debug|Win32
		{AD7870B9-0894-4074-BF31-827006334706}.Release|Win32.ActiveCfg = Release|Win32
		{AD7870B9-0894-4074-BF31-827006334706}.Release|Win32.Build.0 = Release|Win32
		{AD7870B9-0894-4074-BF31-827006334706}.Template|Win32.ActiveCfg = Release|Win32
		{AD7870B9-0894-4074-BF31-827006334706}.Template|Win32.Build.0 = Release|Win32
		{4BDAC690-FAAA-4847-AADB-4C7D2389219C}.Debug|Win32.ActiveCfg = Debug|Win32
		{4BDAC690-FAAA-4847-AADB-4C7D2389219C}.Debug|Win32.Build.0 = Debug|Win32
		{4BDAC690-FAAA-4847-AADB-4C7D2389219C}.Release|Win32.ActiveCfg = Release|Win32
		{4BDAC690-FAAA-4847-AADB-4C7D2389219C}.Release|Win32.Build.0 = Release|Win32
		{4BDAC690-FAAA-4847-AADB-4C7D2389219C}.Template|Win32.ActiveCfg = Release|Win32
		{4BDAC690-FAAA-4847-AADB-4C7D2389219C}.Template|Win32.Build.0 = Release|Win32
		{8D510EBB-9F2E-4BAA-A399-A5EAE904CF3E}.Debug|Win32.ActiveCfg = Debug|Win32
		{8D510EBB-9F2E-4BAA-A399-A5EAE904CF3E}.Debug|Win32.Build.0 = Debug|Win32
		{8D510EBB-9F2E-4BAA-A399-A5EAE904CF3E}.Release|Win32.ActiveCfg = Release|Win32
		{8D510EBB-9F2E-4BAA-A399-A5EAE904CF3E}.Release|Win32.Build.0 = Release|Win32
		{8D510EBB-9F2E-4BAA-A399-A5EAE904CF3E}.Template|Win32.ActiveCfg = Release|Win32
		{8D510EBB-9F2E-4BAA-A399-A5EAE904CF3E}.Template|Win32.Build.0 = Release|Win32
		{87FE947B-7142-443A-A9F0-8735AA893C09}.Debug|Win32.ActiveCfg = Debug|Win32
		{87FE947B-7142-443A-A9F0-8735AA893C09}.Debug|Win32.Build.0 = Debug|Win32
		{87FE947B-7142-443A-A9F0-8735AA893C09}.Release|Win32.ActiveCfg = Release|Win32
		{87FE947B-7142-443A-A9F0-8735AA893C09}.Release|Win32.Build.0 = Release|Win32
		{87FE947B-7142-443A-A9F0-8735AA893C09}.Template|Win32.ActiveCfg = Release|Win32
		{87FE947B-7142-443A-A9F0-8735AA893C09}.Template|Win32.Build.0 = Release|Win32
		{AA2A10ED-F44B-424E-AE44-83F4E2C927F4}.Debug|Win32.ActiveCfg = Debug|Win32
		{AA2A10ED-F44B-424E-AE44-83F4E2C927F4}.Debug|Win32.Build.0 = Debug|Win32
		{AA2A10ED-F44B-424E-AE44-83F4E2C927F4}.Release|Win32.ActiveCfg = Release|Win32
		{AA2A10ED-F44B-424E-AE44-83F4E2C927F4}.Release|Win32.Build.0 = Release|Win32
		{AA2A10ED-F44B-424E-AE44-83F4E2C927F4}.Template|Win32.ActiveCfg = Release|Win32
		{AA2A10ED-F44B-424E-AE44-83F4E2C927F4}.Template|Win32.Build.0 = Release|Win32
		{BA415BFA-4954-4377-9F6B-416F0F86A4A0}.Debug|Win32.ActiveCfg = Debug|Win32
		{BA415BFA-4954-4377-9F6B-416F0F86A4A0}.Debug|Win32.Build.0 = Debug|Win32
		{BA415BFA-4954-4377-9F6B-416F0F86A4A0}.Release|Win32.ActiveCfg = Release|Win32
		{BA415BFA-4954-4377-9F6B-416F0F86A4A0}.Release|Win32.Build.0 = Release|Win32
		{BA415BFA-4954-4377-9F6B-416F0F86A4A0}.Template|Win32.ActiveCfg = Release|Win32
		{BA415BFA-4954-4377-9F6B-416F0F86A4A0}.Template|Win32.Build.0 = Release|Win32
	EndGlobalSection
	GlobalSection(SolutionProperties) = preSolution
		HideSolutionNode = FALSE
	EndGlobalSection
EndGlobal
